version = 1
requires-python = ">=3.13"
resolution-markers = [
    "python_full_version >= '3.14'",
    "python_full_version < '3.14'",
]

[[package]]
name = "debugpy"
version = "1.8.21"
source = { registry = "https://pypi.org/simple" }
sdist = { url = "https://files.pythonhosted.org/packages/f2/aa/12037145b7a56eaa5b29b41872f7a21b538e807e13f32c4d3c46e59be084/debugpy-1.8.21.tar.gz", hash = "sha256:a3c53278e84c94e11bd87c53970ec391d1a67396c8b22609fcac576520e611a6", size = 1697577 }
wheels = [
    { url = "https://files.pythonhosted.org/packages/77/6b/d817e1f8cc77aa055d37fba092e0febfdff40fe652d8d53d4cd7a86ad98d/debugpy-1.8.21-cp313-cp313-macosx_15_0_universal2.whl", hash = "sha256:13678151fc401e2d68c9880b91e28714f797d40422994572b24560ef80910a88", size = 2477398 },
    { url = "https://files.pythonhosted.org/packages/48/57/412421516afc3055fa577516f00beec3d663f9b0ab330639547ae6c57720/debugpy-1.8.21-cp313-cp313-manylinux_2_34_x86_64.whl", hash = "sha256:ecbd158386c31ffe71d46f72d44d56e66331ab9b16cad649156d514368f23ab2", size = 3962096 },
    { url = "https://files.pythonhosted.org/packages/c1/62/2c616337cf6ba7b07ebbc97f02c6c945a8e2f76b365e33ee809c32ee36d1/debugpy-1.8.21-cp313-cp313-win32.whl", hash = "sha256:2c2ae706dec41d99a9ca1f7ebc987a83e65578363be6f6b3ac9067504917fae1", size = 5336288 },
    { url = "https://files.pythonhosted.org/packages/f8/99/9175103392f84c4b1bf7622888cdc68da07f0ff7d9e581266428f6776033/debugpy-1.8.21-cp313-cp313-win_amd64.whl", hash = "sha256:aa648733047443eb1d07682c4ef287d36a54507b643ffdf38b09a3ef002c72a0", size = 5376567 },
    { url = "https://files.pythonhosted.org/packages/ce/3d/f4bbb323a548bfab2af3d6b4ffd9bf22636e55956a1285d317a1de643aad/debugpy-1.8.21-cp314-cp314-macosx_15_0_universal2.whl", hash = "sha256:9bb2a685287a2ac9b181cde89edcec64845cb51de7faaa75badb9a698bc24782", size = 2477209 },
    { url = "https://files.pythonhosted.org/packages/8c/2d/6e7ec524984a1702777868de49a4c53202bddac2a432a76a093469587750/debugpy-1.8.21-cp314-cp314-manylinux_2_34_x86_64.whl", hash = "sha256:3d6922439bf33fd38a3e2c447869ebc7b97da5cd3d329ff1ef9bc06c4903437e", size = 3927115 },
    { url = "https://files.pythonhosted.org/packages/97/47/d1aa6d64005a98a9144647d99306b419396f9ad7bf1d73c119e17a81fb4d/debugpy-1.8.21-cp314-cp314-win32.whl", hash = "sha256:15d4963bd5ffa48f0da0947fd06757fa7621945048a14ad7705431566d3c0e7c", size = 5336724 },
    { url = "https://files.pythonhosted.org/packages/5f/67/b905b90d163af11878c1af8abafa4a25206335e112e284e413454543a6da/debugpy-1.8.21-cp314-cp314-win_amd64.whl", hash = "sha256:fe0744a12353406de0ae8ccff0d0a4a666f00801a3db8fd04e7a5f761cd520e8", size = 5373803 },
    { url = "https://files.pythonhosted.org/packages/95/51/67e7cf11a53e40694f720457d5b3a1cdaaa3d5a9a633e482f225456b93ff/debugpy-1.8.21-py2.py3-none-any.whl", hash = "sha256:b1e37d333663c8851516a47364ef473da127f9caebe4417e6df6f5825a7e9a92", size = 5352888 },
]

[[package]]
name = "dill"
version = "0.4.1"
source = { registry = "https://pypi.org/simple" }
sdist = { url = "https://files.pythonhosted.org/packages/81/e1/56027a71e31b02ddc53c7d65b01e68edf64dea2932122fe7746a516f75d5/dill-0.4.1.tar.gz", hash = "sha256:423092df4182177d4d8ba8290c8a5b640c66ab35ec7da59ccfa00f6fa3eea5fa", size = 187315 }
wheels = [
    { url = "https://files.pythonhosted.org/packages/1e/77/dc8c558f7593132cf8fefec57c4f60c83b16941c574ac5f619abb3ae7933/dill-0.4.1-py3-none-any.whl", hash = "sha256:1e1ce33e978ae97fcfcff5638477032b801c46c7c65cf717f95fbc2248f79a9d", size = 120019 },
]

[[package]]
name = "googleapis-common-protos"
version = "1.75.0"
source = { registry = "https://pypi.org/simple" }
dependencies = [
    { name = "protobuf" },
]
sdist = { url = "https://files.pythonhosted.org/packages/b5/c8/f439cffde755cffa462bfbb156278fa6f9d09119719af9814b858fd4f81f/googleapis_common_protos-1.75.0.tar.gz", hash = "sha256:53a062ff3c32552fbd62c11fe23768b78e4ddf0494d5e5fd97d3f4689c75fbbd", size = 151035 }
wheels = [
    { url = "https://files.pythonhosted.org/packages/e7/c8/e2645aa8ed02fd4c7a2f59d68783b65b1f3cbdfe39a6308e156509d1fee8/googleapis_common_protos-1.75.0-py3-none-any.whl", hash = "sha256:961ed60399c457ceb0ee8f285a84c870aabc9c6a832b9d37bb281b5bebde43ed", size = 300631 },
]

[[package]]
name = "grpcio"
version = "1.83.0"
source = { registry = "https://pypi.org/simple" }
dependencies = [
    { name = "typing-extensions" },
]
sdist = { url = "https://files.pythonhosted.org/packages/0c/98/304898ac4e04e2d5e4e4c2eadc178b1f2a16d5f4bc2f91306c87d64680b9/grpcio-1.83.0.tar.gz", hash = "sha256:7674587248fbbb2ac6e4eecf83a8a0f3d91a928f941de571acfd3a2f007fbc24", size = 13428824 }
wheels = [
    { url = "https://files.pythonhosted.org/packages/56/eb/135daaa713f32d33b8f99b4153b3f8dc3b2a124996ac15581bf9ebdad3c3/grpcio-1.83.0-cp313-cp313-linux_armv7l.whl", hash = "sha256:6662f3b1e07cc7493d437351860dc867bddc6a93c83ecf33bbfdaf0c217ab2d0", size = 6304480 },
    { url = "https://files.pythonhosted.org/packages/8f/a1/121806ce69f23138dabe06aa595b0e5f1ae051a37e4c1954eed7d692c800/grpcio-1.83.0-cp313-cp313-macosx_11_0_universal2.whl", hash = "sha256:74fe6f9e8a35c7dbf32255ee154d15e3e5338a81ed39173d079d594d2e544cd1", size = 12154419 },
    { url = "https://files.pythonhosted.org/packages/b0/e8/d0389e09cd6b4c4d3089b92967ae4e3ffd64795bd349bf2f85cd6656d3da/grpcio-1.83.0-cp313-cp313-manylinux2014_aarch64.manylinux_2_17_aarch64.whl", hash = "sha256:10b3fa0475eb572c9a81a6fe37fa16a9c500c0c91cfc148cac15692b7e3c2867", size = 6873200 },
    { url = "https://files.pythonhosted.org/packages/f8/51/f464c1d211fa50d5adbabe1b2e519948d99c13757052bfc9ea7afa28e284/grpcio-1.83.0-cp313-cp313-manylinux2014_i686.manylinux_2_17_i686.whl", hash = "sha256:5f20a988480b0f28207f057f7f7ae1313393c3cef0adcfeae8248f9947eaf881", size = 7618811 },
    { url = "https://files.pythonhosted.org/packages/e8/c0/539fe0832f2dd6500a28f5263071623fb34e8d4867aec632ccf81bd21156/grpcio-1.83.0-cp313-cp313-manylinux2014_x86_64.manylinux_2_17_x86_64.whl", hash = "sha256:7bd82671b39065ba18cd536e9cd45b27ff649053f81ddd2c6a966d595067080f", size = 7042310 },
    { url = "https://files.pythonhosted.org/packages/8c/ca/ccf617d37ffa72567fa8e005ec7090c99da922799be2fb9847c8b21ca18c/grpcio-1.83.0-cp313-cp313-musllinux_1_2_aarch64.whl", hash = "sha256:bc60215b5cb9fc8ca72942c498b551ac2305bd08f6ef8d4e3f0d21b64fbecd61", size = 7575412 },
    { url = "https://files.pythonhosted.org/packages/eb/b9/fd8d5245f823a8e0fd35d90e20ea3aa4acd47f8d5318fa8df307df52dec6/grpcio-1.83.0-cp313-cp313-musllinux_1_2_i686.whl", hash = "sha256:f1c3e5689d4b90987b1d72022bcfe866a9a3dc66197484cf856d96b6150e7f45", size = 8604248 },
    { url = "https://files.pythonhosted.org/packages/14/1e/f37632fc11db72dfa4bba86c3a43e54358e53030df111ecae5e91a733ad6/grpcio-1.83.0-cp313-cp313-musllinux_1_2_x86_64.whl", hash = "sha256:a21cb4eeeba124443f399be2e8b624943cde864dcbe588cb42e5c483a52a906c", size = 7977458 },
    { url = "https://files.pythonhosted.org/packages/93/b6/d70b69ae5c0cfc341b9ba474980e4ed99cbf05c0e4a14e9eee8cb73db0a5/grpcio-1.83.0-cp313-cp313-win32.whl", hash = "sha256:8fe04f1050a59f875601eb55d42b4f66946fe89817f967e34db1462ccd07dadf", size = 4393993 },
    { url = "https://files.pythonhosted.org/packages/0f/13/45d4cccb555cf4c476226979bf3d2fd0b0254216f7564c3a053e35117efc/grpcio-1.83.0-cp313-cp313-win_amd64.whl", hash = "sha256:6e01ecd9d8ef280abe1365138a4dc318f9a5287f4cb1b41d07816f796653f735", size = 5159650 },
    { url = "https://files.pythonhosted.org/packages/9c/60/f2cca8147ea213d3e43ae9158d03ad04e020fdf32ff027253e1fe93f921d/grpcio-1.83.0-cp314-cp314-linux_armv7l.whl", hash = "sha256:3f351629f6ae16ecc0ec3553e586a6763ffd9f6114044286d0cbec3e09241bfa", size = 6305607 },
    { url = "https://files.pythonhosted.org/packages/d0/ab/d3874931d123a95e83a3ebf8aa04537988fb62425cedb8bf3cefc5ad41b2/grpcio-1.83.0-cp314-cp314-macosx_11_0_universal2.whl", hash = "sha256:d05ff664100d429335b93c91b8b34ddf9e94a112205e7fa06dede309e44a4e4c", size = 12166617 },
    { url = "https://files.pythonhosted.org/packages/92/ff/6f18f9426b69306f4e00a9add3b0ee2748da8aad53836ef80cab0d62d04f/grpcio-1.83.0-cp314-cp314-manylinux2014_aarch64.manylinux_2_17_aarch64.whl", hash = "sha256:7936f2a56cf04f6514705c0fedf400971de01b6aa1719327e4718f410a765e2b", size = 6880213 },
    { url = "https://files.pythonhosted.org/packages/70/21/706d1147c6b93b98f179240c13991fbcc56880eba0c868abb1ad40d8a0a6/grpcio-1.83.0-cp314-cp314-manylinux2014_i686.manylinux_2_17_i686.whl", hash = "sha256:b0a0be840e51b6b7ee9df9269770faf77bdf4b771053c257c21d12bad607714c", size = 7618335 },
    { url = "https://files.pythonhosted.org/packages/74/04/1a8443c889115ec9e213a213e86bc93a71ee9088027e5befa09aaa0edd9d/grpcio-1.83.0-cp314-cp314-manylinux2014_x86_64.manylinux_2_17_x86_64.whl", hash = "sha256:009667eaf3dcd5224c713589cdc98e7ca4ed0ff0b61132c6b276e930eb83a2df", size = 7043416 },
    { url = "https://files.pythonhosted.org/packages/86/c6/94e0fee5b12bc1da1370185b680988db6f739d19b42d9959db01a7ea50bf/grpcio-1.83.0-cp314-cp314-musllinux_1_2_aarch64.whl", hash = "sha256:bb669918fd88936b15599caff4160a77ab74bdeb25f2231f6e45b61282d6107b", size = 7583253 },
    { url = "https://files.pythonhosted.org/packages/a0/97/de1ccb671fb85575bc5192faedf9ecdbdf5b390d2e6584dcf552bcbd370e/grpcio-1.83.0-cp314-cp314-musllinux_1_2_i686.whl", hash = "sha256:c19b454d3d3f28db81f2c7c4dbaee96e7f6fd149721733ffe79d6bc530f17404", size = 8605102 },
    { url = "https://files.pythonhosted.org/packages/17/0f/0e0ec749a7034ffcbaa050e39779872950ead90c22e7e0116be3f28b2b46/grpcio-1.83.0-cp314-cp314-musllinux_1_2_x86_64.whl", hash = "sha256:61007cd08640abc5c54547ee32505474c482cd733a53cb87551ea81faa6350af", size = 7979826 },
    { url = "https://files.pythonhosted.org/packages/83/fa/c3fda157287f64bc65acee6c5aa90c41acf9e0d3a8e69a265eecff6d00a1/grpcio-1.83.0-cp314-cp314-win32.whl", hash = "sha256:32e11c37f5285b0c6fa3042c05fe06903696689749833fc64e67dec71b9bbe33", size = 4471765 },
    { url = "https://files.pythonhosted.org/packages/a1/00/b1b26431c9d54eee11724fd6e5585473a2ed47fbc1fb95e5204906a642ce/grpcio-1.83.0-cp314-cp314-win_amd64.whl", hash = "sha256:2bb48cb5e6dd005ca12b89ce4b6ac0b48ff3112c747542ee7986ef611a8ca6d9", size = 5298932 },
]

[[package]]
name = "opentelemetry-api"
version = "1.44.0"
source = { registry = "https://pypi.org/simple" }
dependencies = [
    { name = "typing-extensions" },
]
sdist = { url = "https://files.pythonhosted.org/packages/ee/8b/aa9e2d8b8dfa7c946f7dec5d1f8f6ba8eca062f43509a06bdb5ce93d26c0/opentelemetry_api-1.44.0.tar.gz", hash = "sha256:67647e5e9566edcf421166fdf022b3537f818635daa852b289e34604dc6fb33a", size = 72406 }
wheels = [
    { url = "https://files.pythonhosted.org/packages/ca/6f/a04e900f465ff3221ccc395522503e2d10e79fa21f2723c8e177aae1e0d1/opentelemetry_api-1.44.0-py3-none-any.whl", hash = "sha256:94b98c893a91b88657eaac1e3ba89618cdb85be6918196705354f34728b2cdef", size = 60018 },
]

[[package]]
name = "opentelemetry-exporter-otlp-proto-common"
version = "1.44.0"
source = { registry = "https://pypi.org/simple" }
dependencies = [
    { name = "opentelemetry-proto" },
]
sdist = { url = "https://files.pythonhosted.org/packages/61/09/4d717852c1cf3f854b76c7110a5d00883bc3c99288b9b0dbcbeb9e306eb6/opentelemetry_exporter_otlp_proto_common-1.44.0.tar.gz", hash = "sha256:dc87a5a5bc58f149a56d1547e4691588fa12994cdc3bc039a694ccb3375862ac", size = 20202 }
wheels = [
    { url = "https://files.pythonhosted.org/packages/5e/71/65fd9d54c10b860f87c045ccee1264cab7011268895d3528818a29c1172a/opentelemetry_exporter_otlp_proto_common-1.44.0-py3-none-any.whl", hash = "sha256:9a9fe61bba73d802904bc989f1d6b4a7b1ee40f06c40e98d6f85af65aaebb694", size = 17045 },
]

[[package]]
name = "opentelemetry-exporter-otlp-proto-grpc"
version = "1.44.0"
source = { registry = "https://pypi.org/simple" }
dependencies = [
    { name = "googleapis-common-protos" },
    { name = "grpcio" },
    { name = "opentelemetry-api" },
    { name = "opentelemetry-exporter-otlp-proto-common" },
    { name = "opentelemetry-proto" },
    { name = "opentelemetry-sdk" },
    { name = "typing-extensions" },
]
sdist = { url = "https://files.pythonhosted.org/packages/1f/47/80d9e9d468dc5de3af5096f5ccdb065fa4dd1470f74495cc53e59e397f47/opentelemetry_exporter_otlp_proto_grpc-1.44.0.tar.gz", hash = "sha256:40d1ae9e03fcc36de3cbac610cc99f35894938bff9cfd90fc4ec68bd85448463", size = 27225 }
wheels = [
    { url = "https://files.pythonhosted.org/packages/54/29/6ae42ba32b153ae0a44ae125f0caff2188bbe62d99c82d1768da30864e72/opentelemetry_exporter_otlp_proto_grpc-1.44.0-py3-none-any.whl", hash = "sha256:6a1a645ea182a2f59440c51fa8301d309f3324a8f9d65f8395584b064b67ee4e", size = 19624 },
]

[[package]]
name = "opentelemetry-instrumentation"
version = "0.65b0"
source = { registry = "https://pypi.org/simple" }
dependencies = [
    { name = "opentelemetry-api" },
    { name = "opentelemetry-semantic-conventions" },
    { name = "packaging" },
    { name = "wrapt" },
]
sdist = { url = "https://files.pythonhosted.org/packages/13/91/3c58961cb0360cd60509064734f0be4275383c8681d73c580a40ca83ddce/opentelemetry_instrumentation-0.65b0.tar.gz", hash = "sha256:071d9d9eced9bd6460444ec3b0c77229870ed05a881c22c84fdede58e4eed09b", size = 42689 }
wheels = [
    { url = "https://files.pythonhosted.org/packages/40/7b/85eab1215f72adf0e68d3dc4a679b9bff993fa679ff34cd8dd378e2659fd/opentelemetry_instrumentation-0.65b0-py3-none-any.whl", hash = "sha256:ea967a72b9939b5fcfdad572753b4306c59dcb99e3f382d95dae04286805e137", size = 36717 },
]

[[package]]
name = "opentelemetry-instrumentation-grpc"
version = "0.65b0"
source = { registry = "https://pypi.org/simple" }
dependencies = [
    { name = "opentelemetry-api" },
    { name = "opentelemetry-instrumentation" },
    { name = "opentelemetry-semantic-conventions" },
    { name = "wrapt" },
]
sdist = { url = "https://files.pythonhosted.org/packages/67/80/0006818bfb54d5e3abb138607beff63561c2c920393ec8d18cc7e3d33810/opentelemetry_instrumentation_grpc-0.65b0.tar.gz", hash = "sha256:b05b3a1f476f350fdb12514ca1ebaed0d596095f91188c2efd26b3e6e2a4cc82", size = 31971 }
wheels = [
    { url = "https://files.pythonhosted.org/packages/05/6b/857ecc989566b09dde5bbfaf7dce4955095416d64b2e9231d1d9d6681d56/opentelemetry_instrumentation_grpc-0.65b0-py3-none-any.whl", hash = "sha256:d4d884439ddee9e68ebd45586eaa243d982351b1ec6a5ce9916eccfd20e66805", size = 24370 },
]

[[package]]
name = "opentelemetry-proto"
version = "1.44.0"
source = { registry = "https://pypi.org/simple" }
dependencies = [
    { name = "protobuf" },
]
sdist = { url = "https://files.pythonhosted.org/packages/64/01/40ac4ae9a149263cc52c2cee200ddd80cb6d8db1a4610abf8eabce0fe771/opentelemetry_proto-1.44.0.tar.gz", hash = "sha256:c547a79c2f8c0c515d31509154682e5921c7cfd5ca67b70e1f9266e2c3e103f3", size = 46488 }
wheels = [
    { url = "https://files.pythonhosted.org/packages/d1/7c/8be563d68e93bbefa5c8affb82ddcff91b3ad858ce49957ba7b16fd3e0ab/opentelemetry_proto-1.44.0-py3-none-any.whl", hash = "sha256:898b155a0e1557afd867478fb6158e8122a46329ca0bb8dc53cc55e98f017f56", size = 72483 },
]

[[package]]
name = "opentelemetry-sdk"
version = "1.44.0"
source = { registry = "https://pypi.org/simple" }
dependencies = [
    { name = "opentelemetry-api" },
    { name = "opentelemetry-semantic-conventions" },
    { name = "typing-extensions" },
]
sdist = { url = "https://files.pythonhosted.org/packages/5d/77/a6592cbc7c8d9bcc9d6757a9df45e04a7c585e3e6e7a13456da522b21109/opentelemetry_sdk-1.44.0.tar.gz", hash = "sha256:cebe7f65dc12f26ead75c6064de12fd2a9052e5060c0272d402cfa203aae123b", size = 208624 }
wheels = [
    { url = "https://files.pythonhosted.org/packages/e7/23/ff077e61886ee020a17ce9c8b6fa11c601c8d8345b09ea24f605445df62a/opentelemetry_sdk-1.44.0-py3-none-any.whl", hash = "sha256:df081c4c6bcfdb1211e3e86140376792643128a25f8d72d1d27675936e7e96ad", size = 137221 },
]

[[package]]
name = "opentelemetry-semantic-conventions"
version = "0.65b0"
source = { registry = "https://pypi.org/simple" }
dependencies = [
    { name = "opentelemetry-api" },
    { name = "typing-extensions" },
]
sdist = { url = "https://files.pythonhosted.org/packages/8f/73/0cbdebcb4cf545fdd328da14f5137e37d0770c3f26185e478b0d15d94f50/opentelemetry_semantic_conventions-0.65b0.tar.gz", hash = "sha256:f9b2b81e9d5b64f11bc952075e7e9c7fb0aab075c7fd1c46d597f1b919852d60", size = 148774 }
wheels = [
    { url = "https://files.pythonhosted.org/packages/a6/0e/49df70d9b81fb5cbae4bbf2a49d865b09bcbcbc4eb53f5851b1027738d78/opentelemetry_semantic_conventions-0.65b0-py3-none-any.whl", hash = "sha256:1cacde7b0ad306f84c5ef08c3dbe1bbaf20165bba6f8bff43b670e555a086bcb", size = 204645 },
]

[[package]]
name = "packaging"
version = "26.2"
source = { registry = "https://pypi.org/simple" }
sdist = { url = "https://files.pythonhosted.org/packages/d7/f1/e7a6dd94a8d4a5626c03e4e99c87f241ba9e350cd9e6d75123f992427270/packaging-26.2.tar.gz", hash = "sha256:ff452ff5a3e828ce110190feff1178bb1f2ea2281fa2075aadb987c2fb221661", size = 228134 }
wheels = [
    { url = "https://files.pythonhosted.org/packages/df/b2/87e62e8c3e2f4b32e5fe99e0b86d576da1312593b39f47d8ceef365e95ed/packaging-26.2-py3-none-any.whl", hash = "sha256:5fc45236b9446107ff2415ce77c807cee2862cb6fac22b8a73826d0693b0980e", size = 100195 },
]

[[package]]
name = "parver"
version = "1.0.1.post0"
source = { registry = "https://pypi.org/simple" }
sdist = { url = "https://files.pythonhosted.org/packages/9a/63/fe1b2d9f19ce47e4a0da6d33ea19a20d7bd1632da432d8e32b20724c741a/parver-1.0.1.post0.tar.gz", hash = "sha256:1bfb9c3f13d5daccaa10eb605679b5dbd4bf2e15b4f5fa1bdf178c5c3f065a2c", size = 105980 }
wheels = [
    { url = "https://files.pythonhosted.org/packages/8b/ad/92776e7199caee67944945fb2c3988443060d318782d8c25d9bb9f8d235d/parver-1.0.1.post0-py3-none-any.whl", hash = "sha256:81f5cbe349da9939749ece40b70ef97b94a346f750750ed49f3ebbf1a40f1195", size = 20853 },
]

[[package]]
name = "protobuf"
version = "6.33.6"
source = { registry = "https://pypi.org/simple" }
sdist = { url = "https://files.pythonhosted.org/packages/66/70/e908e9c5e52ef7c3a6c7902c9dfbb34c7e29c25d2f81ade3856445fd5c94/protobuf-6.33.6.tar.gz", hash = "sha256:a6768d25248312c297558af96a9f9c929e8c4cee0659cb07e780731095f38135", size = 444531 }
wheels = [
    { url = "https://files.pythonhosted.org/packages/fc/9f/2f509339e89cfa6f6a4c4ff50438db9ca488dec341f7e454adad60150b00/protobuf-6.33.6-cp310-abi3-win32.whl", hash = "sha256:7d29d9b65f8afef196f8334e80d6bc1d5d4adedb449971fefd3723824e6e77d3", size = 425739 },
    { url = "https://files.pythonhosted.org/packages/76/5d/683efcd4798e0030c1bab27374fd13a89f7c2515fb1f3123efdfaa5eab57/protobuf-6.33.6-cp310-abi3-win_amd64.whl", hash = "sha256:0cd27b587afca21b7cfa59a74dcbd48a50f0a6400cfb59391340ad729d91d326", size = 437089 },
    { url = "https://files.pythonhosted.org/packages/5c/01/a3c3ed5cd186f39e7880f8303cc51385a198a81469d53d0fdecf1f64d929/protobuf-6.33.6-cp39-abi3-macosx_10_9_universal2.whl", hash = "sha256:9720e6961b251bde64edfdab7d500725a2af5280f3f4c87e57c0208376aa8c3a", size = 427737 },
    { url = "https://files.pythonhosted.org/packages/ee/90/b3c01fdec7d2f627b3a6884243ba328c1217ed2d978def5c12dc50d328a3/protobuf-6.33.6-cp39-abi3-manylinux2014_aarch64.whl", hash = "sha256:e2afbae9b8e1825e3529f88d514754e094278bb95eadc0e199751cdd9a2e82a2", size = 324610 },
    { url = "https://files.pythonhosted.org/packages/9b/ca/25afc144934014700c52e05103c2421997482d561f3101ff352e1292fb81/protobuf-6.33.6-cp39-abi3-manylinux2014_s390x.whl", hash = "sha256:c96c37eec15086b79762ed265d59ab204dabc53056e3443e702d2681f4b39ce3", size = 339381 },
    { url = "https://files.pythonhosted.org/packages/16/92/d1e32e3e0d894fe00b15ce28ad4944ab692713f2e7f0a99787405e43533a/protobuf-6.33.6-cp39-abi3-manylinux2014_x86_64.whl", hash = "sha256:e9db7e292e0ab79dd108d7f1a94fe31601ce1ee3f7b79e0692043423020b0593", size = 323436 },
    { url = "https://files.pythonhosted.org/packages/c4/72/02445137af02769918a93807b2b7890047c32bfb9f90371cbc12688819eb/protobuf-6.33.6-py3-none-any.whl", hash = "sha256:77179e006c476e69bf8e8ce866640091ec42e1beb80b213c3900006ecfba6901", size = 170656 },
]

[[package]]
name = "pulumi"
version = "3.255.0"
source = { registry = "https://pypi.org/simple" }
dependencies = [
    { name = "debugpy" },
    { name = "dill" },
    { name = "grpcio" },
    { name = "opentelemetry-api" },
    { name = "opentelemetry-exporter-otlp-proto-grpc" },
    { name = "opentelemetry-instrumentation-grpc" },
    { name = "opentelemetry-sdk" },
    { name = "packaging" },
    { name = "protobuf" },
    { name = "pyyaml" },
    { name = "semver" },
]
wheels = [
    { url = "https://files.pythonhosted.org/packages/7f/1e/9d433d9ec29d268a79cb37e5b052a2d3e34b118f1c3a5b4d7b2ab087b74c/pulumi-3.255.0-py3-none-any.whl", hash = "sha256:46fbdc640a996fa10849ff66d599be4e91d62484e7c5fa32963e9c6d79a171b1", size = 415455 },
]

[[package]]
name = "pulumi-aws"
version = "7.40.0"
source = { registry = "https://pypi.org/simple" }
dependencies = [
    { name = "parver" },
    { name = "pulumi" },
    { name = "semver" },
]
sdist = { url = "https://files.pythonhosted.org/packages/53/db/3caadea6e46a3994763bd15f568770a1fb40ba2ac46d49b660ac225a562d/pulumi_aws-7.40.0.tar.gz", hash = "sha256:b1261505032cd1c3682de3836246cc48ab094cccb3983d1e26c657594ce1ce7c", size = 9326793 }
wheels = [
    { url = "https://files.pythonhosted.org/packages/9d/1f/fd151ee04b4673b2fddb8be933bda79e7f60109e7eee6ce199dfcd2fb3f1/pulumi_aws-7.40.0-py3-none-any.whl", hash = "sha256:e9390ce7e2fe053756b133d76201252602348388c4850f63d13f20a2e57f6bf1", size = 12513600 },
]

[[package]]
name = "pulumi-awsx"
version = "3.8.0"
source = { registry = "https://pypi.org/simple" }
dependencies = [
    { name = "parver" },
    { name = "pulumi" },
    { name = "pulumi-aws" },
    { name = "pulumi-docker" },
    { name = "pulumi-docker-build" },
    { name = "semver" },
]
sdist = { url = "https://files.pythonhosted.org/packages/38/86/7b76298a907d615519420bff131121846281c09986b7311c1f942f93587b/pulumi_awsx-3.8.0.tar.gz", hash = "sha256:61bea51f52f31eb34caf39789623fa067d4e55fa7fa4d2aa4910d79e2a33dc72", size = 102702 }
wheels = [
    { url = "https://files.pythonhosted.org/packages/ca/ae/34585bb355ec25c45ad1727957464faad0ac4db0b489392a44cb5d22a729/pulumi_awsx-3.8.0-py3-none-any.whl", hash = "sha256:ca26bbceaa268227b1267dbb51b25df45ca944b97153d78cc59dd280ea6a5dd9", size = 120664 },
]

[[package]]
name = "pulumi-docker"
version = "4.11.2"
source = { registry = "https://pypi.org/simple" }
dependencies = [
    { name = "parver" },
    { name = "pulumi" },
    { name = "semver" },
]
sdist = { url = "https://files.pythonhosted.org/packages/50/de/3b02e5b11c94c219601fbf684d045bb1af728d4a4ef3b5d2719a7ac643bd/pulumi_docker-4.11.2.tar.gz", hash = "sha256:c4c11b56b6c184256f59503c0b3763ffd435443c83bb8f0155d48b1d1cbe8b97", size = 120777 }
wheels = [
    { url = "https://files.pythonhosted.org/packages/10/79/35faa6b1d9c529e373368efeb82fc02a97f8869160589bb59f08200de8fb/pulumi_docker-4.11.2-py3-none-any.whl", hash = "sha256:7a2455e042012ed6e03ff698609546dff5c241e99be46b60908cdcec39539d56", size = 141188 },
]

[[package]]
name = "pulumi-docker-build"
version = "0.0.22"
source = { registry = "https://pypi.org/simple" }
dependencies = [
    { name = "parver" },
    { name = "pulumi" },
    { name = "semver" },
]
sdist = { url = "https://files.pythonhosted.org/packages/65/10/ed14eea86784264ae3f3294f1cf8a959f6f396e766c1c296a79d37b5079b/pulumi_docker_build-0.0.22.tar.gz", hash = "sha256:ed75c9ba223f260b8815f4b701f3c588a5cb01eef2aa80295a1cac267dfbfbac", size = 38584 }
wheels = [
    { url = "https://files.pythonhosted.org/packages/a0/8b/18189686ad8cdfc57d3571bcdbdc8490dad0b3a0e5ec401cb62db784b83f/pulumi_docker_build-0.0.22-py3-none-any.whl", hash = "sha256:46e5f08854b223e131272972a1da2838530f9c7271ca1652b4216b51ad8ff1af", size = 43241 },
]

[[package]]
name = "pyyaml"
version = "6.0.3"
source = { registry = "https://pypi.org/simple" }
sdist = { url = "https://files.pythonhosted.org/packages/05/8e/961c0007c59b8dd7729d542c61a4d537767a59645b82a0b521206e1e25c2/pyyaml-6.0.3.tar.gz", hash = "sha256:d76623373421df22fb4cf8817020cbb7ef15c725b9d5e45f17e189bfc384190f", size = 130960 }
wheels = [
    { url = "https://files.pythonhosted.org/packages/d1/11/0fd08f8192109f7169db964b5707a2f1e8b745d4e239b784a5a1dd80d1db/pyyaml-6.0.3-cp313-cp313-macosx_10_13_x86_64.whl", hash = "sha256:8da9669d359f02c0b91ccc01cac4a67f16afec0dac22c2ad09f46bee0697eba8", size = 181669 },
    { url = "https://files.pythonhosted.org/packages/b1/16/95309993f1d3748cd644e02e38b75d50cbc0d9561d21f390a76242ce073f/pyyaml-6.0.3-cp313-cp313-macosx_11_0_arm64.whl", hash = "sha256:2283a07e2c21a2aa78d9c4442724ec1eb15f5e42a723b99cb3d822d48f5f7ad1", size = 173252 },
    { url = "https://files.pythonhosted.org/packages/50/31/b20f376d3f810b9b2371e72ef5adb33879b25edb7a6d072cb7ca0c486398/pyyaml-6.0.3-cp313-cp313-manylinux2014_aarch64.manylinux_2_17_aarch64.manylinux_2_28_aarch64.whl", hash = "sha256:ee2922902c45ae8ccada2c5b501ab86c36525b883eff4255313a253a3160861c", size = 767081 },
    { url = "https://files.pythonhosted.org/packages/49/1e/a55ca81e949270d5d4432fbbd19dfea5321eda7c41a849d443dc92fd1ff7/pyyaml-6.0.3-cp313-cp313-manylinux2014_s390x.manylinux_2_17_s390x.manylinux_2_28_s390x.whl", hash = "sha256:a33284e20b78bd4a18c8c2282d549d10bc8408a2a7ff57653c0cf0b9be0afce5", size = 841159 },
    { url = "https://files.pythonhosted.org/packages/74/27/e5b8f34d02d9995b80abcef563ea1f8b56d20134d8f4e5e81733b1feceb2/pyyaml-6.0.3-cp313-cp313-manylinux2014_x86_64.manylinux_2_17_x86_64.manylinux_2_28_x86_64.whl", hash = "sha256:0f29edc409a6392443abf94b9cf89ce99889a1dd5376d94316ae5145dfedd5d6", size = 801626 },
    { url = "https://files.pythonhosted.org/packages/f9/11/ba845c23988798f40e52ba45f34849aa8a1f2d4af4b798588010792ebad6/pyyaml-6.0.3-cp313-cp313-musllinux_1_2_aarch64.whl", hash = "sha256:f7057c9a337546edc7973c0d3ba84ddcdf0daa14533c2065749c9075001090e6", size = 753613 },
    { url = "https://files.pythonhosted.org/packages/3d/e0/7966e1a7bfc0a45bf0a7fb6b98ea03fc9b8d84fa7f2229e9659680b69ee3/pyyaml-6.0.3-cp313-cp313-musllinux_1_2_x86_64.whl", hash = "sha256:eda16858a3cab07b80edaf74336ece1f986ba330fdb8ee0d6c0d68fe82bc96be", size = 794115 },
    { url = "https://files.pythonhosted.org/packages/de/94/980b50a6531b3019e45ddeada0626d45fa85cbe22300844a7983285bed3b/pyyaml-6.0.3-cp313-cp313-win32.whl", hash = "sha256:d0eae10f8159e8fdad514efdc92d74fd8d682c933a6dd088030f3834bc8e6b26", size = 137427 },
    { url = "https://files.pythonhosted.org/packages/97/c9/39d5b874e8b28845e4ec2202b5da735d0199dbe5b8fb85f91398814a9a46/pyyaml-6.0.3-cp313-cp313-win_amd64.whl", hash = "sha256:79005a0d97d5ddabfeeea4cf676af11e647e41d81c9a7722a193022accdb6b7c", size = 154090 },
    { url = "https://files.pythonhosted.org/packages/73/e8/2bdf3ca2090f68bb3d75b44da7bbc71843b19c9f2b9cb9b0f4ab7a5a4329/pyyaml-6.0.3-cp313-cp313-win_arm64.whl", hash = "sha256:5498cd1645aa724a7c71c8f378eb29ebe23da2fc0d7a08071d89469bf1d2defb", size = 140246 },
    { url = "https://files.pythonhosted.org/packages/9d/8c/f4bd7f6465179953d3ac9bc44ac1a8a3e6122cf8ada906b4f96c60172d43/pyyaml-6.0.3-cp314-cp314-macosx_10_13_x86_64.whl", hash = "sha256:8d1fab6bb153a416f9aeb4b8763bc0f22a5586065f86f7664fc23339fc1c1fac", size = 181814 },
    { url = "https://files.pythonhosted.org/packages/bd/9c/4d95bb87eb2063d20db7b60faa3840c1b18025517ae857371c4dd55a6b3a/pyyaml-6.0.3-cp314-cp314-macosx_11_0_arm64.whl", hash = "sha256:34d5fcd24b8445fadc33f9cf348c1047101756fd760b4dacb5c3e99755703310", size = 173809 },
    { url = "https://files.pythonhosted.org/packages/92/b5/47e807c2623074914e29dabd16cbbdd4bf5e9b2db9f8090fa64411fc5382/pyyaml-6.0.3-cp314-cp314-manylinux2014_aarch64.manylinux_2_17_aarch64.manylinux_2_28_aarch64.whl", hash = "sha256:501a031947e3a9025ed4405a168e6ef5ae3126c59f90ce0cd6f2bfc477be31b7", size = 766454 },
    { url = "https://files.pythonhosted.org/packages/02/9e/e5e9b168be58564121efb3de6859c452fccde0ab093d8438905899a3a483/pyyaml-6.0.3-cp314-cp314-manylinux2014_s390x.manylinux_2_17_s390x.manylinux_2_28_s390x.whl", hash = "sha256:b3bc83488de33889877a0f2543ade9f70c67d66d9ebb4ac959502e12de895788", size = 836355 },
    { url = "https://files.pythonhosted.org/packages/88/f9/16491d7ed2a919954993e48aa941b200f38040928474c9e85ea9e64222c3/pyyaml-6.0.3-cp314-cp314-manylinux2014_x86_64.manylinux_2_17_x86_64.manylinux_2_28_x86_64.whl", hash = "sha256:c458b6d084f9b935061bc36216e8a69a7e293a2f1e68bf956dcd9e6cbcd143f5", size = 794175 },
    { url = "https://files.pythonhosted.org/packages/dd/3f/5989debef34dc6397317802b527dbbafb2b4760878a53d4166579111411e/pyyaml-6.0.3-cp314-cp314-musllinux_1_2_aarch64.whl", hash = "sha256:7c6610def4f163542a622a73fb39f534f8c101d690126992300bf3207eab9764", size = 755228 },
    { url = "https://files.pythonhosted.org/packages/d7/ce/af88a49043cd2e265be63d083fc75b27b6ed062f5f9fd6cdc223ad62f03e/pyyaml-6.0.3-cp314-cp314-musllinux_1_2_x86_64.whl", hash = "sha256:5190d403f121660ce8d1d2c1bb2ef1bd05b5f68533fc5c2ea899bd15f4399b35", size = 789194 },
    { url = "https://files.pythonhosted.org/packages/23/20/bb6982b26a40bb43951265ba29d4c246ef0ff59c9fdcdf0ed04e0687de4d/pyyaml-6.0.3-cp314-cp314-win_amd64.whl", hash = "sha256:4a2e8cebe2ff6ab7d1050ecd59c25d4c8bd7e6f400f5f82b96557ac0abafd0ac", size = 156429 },
    { url = "https://files.pythonhosted.org/packages/f4/f4/a4541072bb9422c8a883ab55255f918fa378ecf083f5b85e87fc2b4eda1b/pyyaml-6.0.3-cp314-cp314-win_arm64.whl", hash = "sha256:93dda82c9c22deb0a405ea4dc5f2d0cda384168e466364dec6255b293923b2f3", size = 143912 },
    { url = "https://files.pythonhosted.org/packages/7c/f9/07dd09ae774e4616edf6cda684ee78f97777bdd15847253637a6f052a62f/pyyaml-6.0.3-cp314-cp314t-macosx_10_13_x86_64.whl", hash = "sha256:02893d100e99e03eda1c8fd5c441d8c60103fd175728e23e431db1b589cf5ab3", size = 189108 },
    { url = "https://files.pythonhosted.org/packages/4e/78/8d08c9fb7ce09ad8c38ad533c1191cf27f7ae1effe5bb9400a46d9437fcf/pyyaml-6.0.3-cp314-cp314t-macosx_11_0_arm64.whl", hash = "sha256:c1ff362665ae507275af2853520967820d9124984e0f7466736aea23d8611fba", size = 183641 },
    { url = "https://files.pythonhosted.org/packages/7b/5b/3babb19104a46945cf816d047db2788bcaf8c94527a805610b0289a01c6b/pyyaml-6.0.3-cp314-cp314t-manylinux2014_aarch64.manylinux_2_17_aarch64.manylinux_2_28_aarch64.whl", hash = "sha256:6adc77889b628398debc7b65c073bcb99c4a0237b248cacaf3fe8a557563ef6c", size = 831901 },
    { url = "https://files.pythonhosted.org/packages/8b/cc/dff0684d8dc44da4d22a13f35f073d558c268780ce3c6ba1b87055bb0b87/pyyaml-6.0.3-cp314-cp314t-manylinux2014_s390x.manylinux_2_17_s390x.manylinux_2_28_s390x.whl", hash = "sha256:a80cb027f6b349846a3bf6d73b5e95e782175e52f22108cfa17876aaeff93702", size = 861132 },
    { url = "https://files.pythonhosted.org/packages/b1/5e/f77dc6b9036943e285ba76b49e118d9ea929885becb0a29ba8a7c75e29fe/pyyaml-6.0.3-cp314-cp314t-manylinux2014_x86_64.manylinux_2_17_x86_64.manylinux_2_28_x86_64.whl", hash = "sha256:00c4bdeba853cc34e7dd471f16b4114f4162dc03e6b7afcc2128711f0eca823c", size = 839261 },
    { url = "https://files.pythonhosted.org/packages/ce/88/a9db1376aa2a228197c58b37302f284b5617f56a5d959fd1763fb1675ce6/pyyaml-6.0.3-cp314-cp314t-musllinux_1_2_aarch64.whl", hash = "sha256:66e1674c3ef6f541c35191caae2d429b967b99e02040f5ba928632d9a7f0f065", size = 805272 },
    { url = "https://files.pythonhosted.org/packages/da/92/1446574745d74df0c92e6aa4a7b0b3130706a4142b2d1a5869f2eaa423c6/pyyaml-6.0.3-cp314-cp314t-musllinux_1_2_x86_64.whl", hash = "sha256:16249ee61e95f858e83976573de0f5b2893b3677ba71c9dd36b9cf8be9ac6d65", size = 829923 },
    { url = "https://files.pythonhosted.org/packages/f0/7a/1c7270340330e575b92f397352af856a8c06f230aa3e76f86b39d01b416a/pyyaml-6.0.3-cp314-cp314t-win_amd64.whl", hash = "sha256:4ad1906908f2f5ae4e5a8ddfce73c320c2a1429ec52eafd27138b7f1cbe341c9", size = 174062 },
    { url = "https://files.pythonhosted.org/packages/f1/12/de94a39c2ef588c7e6455cfbe7343d3b2dc9d6b6b2f40c4c6565744c873d/pyyaml-6.0.3-cp314-cp314t-win_arm64.whl", hash = "sha256:ebc55a14a21cb14062aa4162f906cd962b28e2e9ea38f9b4391244cd8de4ae0b", size = 149341 },
]

[[package]]
name = "rag-infra"
version = "0.1.0"
source = { virtual = "." }
dependencies = [
    { name = "pulumi" },
    { name = "pulumi-aws" },
    { name = "pulumi-awsx" },
]

[package.metadata]
requires-dist = [
    { name = "pulumi", specifier = ">=3.150" },
    { name = "pulumi-aws", specifier = ">=6.66" },
    { name = "pulumi-awsx", specifier = ">=2.19" },
]

[[package]]
name = "semver"
version = "3.0.4"
source = { registry = "https://pypi.org/simple" }
sdist = { url = "https://files.pythonhosted.org/packages/72/d1/d3159231aec234a59dd7d601e9dd9fe96f3afff15efd33c1070019b26132/semver-3.0.4.tar.gz", hash = "sha256:afc7d8c584a5ed0a11033af086e8af226a9c0b206f313e0301f8dd7b6b589602", size = 269730 }
wheels = [
    { url = "https://files.pythonhosted.org/packages/a6/24/4d91e05817e92e3a61c8a21e08fd0f390f5301f1c448b137c57c4bc6e543/semver-3.0.4-py3-none-any.whl", hash = "sha256:9c824d87ba7f7ab4a1890799cec8596f15c1241cb473404ea1cb0c55e4b04746", size = 17912 },
]

[[package]]
name = "typing-extensions"
version = "4.16.0"
source = { registry = "https://pypi.org/simple" }
sdist = { url = "https://files.pythonhosted.org/packages/f6/cc/6253133b5bb138fc3306cebfbda2c520f545d36b5be2c7255cc528bb45d6/typing_extensions-4.16.0.tar.gz", hash = "sha256:dc983d19a509c94dba722ee6abd33940f7c05a89e243c47e907eb4db6f1a43e5", size = 113555 }
wheels = [
    { url = "https://files.pythonhosted.org/packages/49/d3/b8441a820a491ddfc024b0b0cf0393375b75ea13866d9c66727e54c2fc80/typing_extensions-4.16.0-py3-none-any.whl", hash = "sha256:481caa481374e813c1b176ada14e97f1f67a4539ce9cfeb3f350d78d6370c2e8", size = 45571 },
]

[[package]]
name = "wrapt"
version = "2.3.0"
source = { registry = "https://pypi.org/simple" }
sdist = { url = "https://files.pythonhosted.org/packages/2b/b0/c1f5a970721f06b85c0cd5142e0ff8fe067708abd779b0c4f4be7d61d09f/wrapt-2.3.0.tar.gz", hash = "sha256:681a2d0eefd721998f90642762b8e75c2159ec531b20ad5e437245ea7b06a107", size = 131509 }
wheels = [
    { url = "https://files.pythonhosted.org/packages/8e/6e/0f88a072483e76b881e3fdcd6b6ffb4a5791002514fe541e72b1b73c859a/wrapt-2.3.0-cp313-cp313-macosx_10_13_x86_64.whl", hash = "sha256:0d3fb71e65b001adfc42684522eeccd9c21d8ba679945abc993439567b66e59f", size = 81960 },
    { url = "https://files.pythonhosted.org/packages/d7/ff/b7e2776e7c294075eb712cc9ef573d1b818f393006d09787262b8fc871c4/wrapt-2.3.0-cp313-cp313-macosx_11_0_arm64.whl", hash = "sha256:51a7a4181c1295774812271fbcd7c909df372bc25579d4ed9eb875caaf0ae86f", size = 82435 },
    { url = "https://files.pythonhosted.org/packages/d8/90/343bb5d0f1f9669bc252a6073f085b4abf862511bd5c9c9eaec754341f1d/wrapt-2.3.0-cp313-cp313-manylinux1_x86_64.manylinux_2_28_x86_64.manylinux_2_5_x86_64.whl", hash = "sha256:9045917809c63fdf7abe3a2ceaed3d670b8ee4500ddd9291192d30aeb34467c5", size = 170350 },
    { url = "https://files.pythonhosted.org/packages/59/f8/13b79a392930bd0dd6b86cbfbfe1c40944110456e1dc6d809e5c46ece904/wrapt-2.3.0-cp313-cp313-manylinux2014_aarch64.manylinux_2_17_aarch64.manylinux_2_28_aarch64.whl", hash = "sha256:54ca1d5573f69b5fe1d74f1f65799c68015e82f685efec9fd8cfa40a094c44d0", size = 170022 },
    { url = "https://files.pythonhosted.org/packages/b2/fc/4f1b6918f5290db959d6e0c07f77385d87cede29c39c9cf8f145e9c82954/wrapt-2.3.0-cp313-cp313-manylinux_2_31_riscv64.manylinux_2_39_riscv64.whl", hash = "sha256:242b60c21e30866e6a2fa606c612b47c553fa60c0eaeeeb7797fb842ac0ce609", size = 161043 },
    { url = "https://files.pythonhosted.org/packages/01/e1/45d3cf74414780bdff6d0380467e003f6eb0f028b6c9403db868dbc7209c/wrapt-2.3.0-cp313-cp313-musllinux_1_2_aarch64.whl", hash = "sha256:e3f3d7ec0a51fbfe00d3aef047641ff2c58b25565b4717fc1f90e050be01cba8", size = 168576 },
    { url = "https://files.pythonhosted.org/packages/f3/73/2fa58dd97f191c997755e2c6d569a68f0c433db4e4b36099bdd7227b6cac/wrapt-2.3.0-cp313-cp313-musllinux_1_2_riscv64.whl", hash = "sha256:261f53870cd4fb2bf38f9f972c56c728fd224cb7c65721307de59d9e7e6741ae", size = 159140 },
    { url = "https://files.pythonhosted.org/packages/29/a8/08a56e2000a8816d449dcbad8c8b081697acbbd490821ceca0f9d8e8d20c/wrapt-2.3.0-cp313-cp313-musllinux_1_2_x86_64.whl", hash = "sha256:8159ec0b0cb7608175eb150de94c19e34f4d47ac655f5ca9baf45df6b688ffd3", size = 169263 },
    { url = "https://files.pythonhosted.org/packages/9e/d4/354e1725e35a73b2af4fa70a3e024c7a5d1bf1802dfb862dcb668aae0253/wrapt-2.3.0-cp313-cp313-win32.whl", hash = "sha256:10461884b3014fbfc8eb7d09a93c5f246363e6711d9d881f95eb8c27fdef049f", size = 78241 },
    { url = "https://files.pythonhosted.org/packages/6c/7e/34c87fa2174848dfee820322aaa318bab08913998ccecc8d2f57b4ad4639/wrapt-2.3.0-cp313-cp313-win_amd64.whl", hash = "sha256:ac870cc97b73bb00ac353329e9559a4bebc47c4c86792ed9b23b58c15b6ad838", size = 81113 },
    { url = "https://files.pythonhosted.org/packages/11/86/fcc9a530579e008c9478bb565a6cdfbfd33536660f069c8b91a6607c5050/wrapt-2.3.0-cp313-cp313-win_arm64.whl", hash = "sha256:a65e8db2b4e90c2e7ade931086351c98ef420bf7a94ee08c95ac8a3cbbc43579", size = 80182 },
    { url = "https://files.pythonhosted.org/packages/96/50/3864848b95b28ef73e17551fc8dccbff2628a834f52cf26a57f9c419fb83/wrapt-2.3.0-cp313-cp313t-macosx_10_13_x86_64.whl", hash = "sha256:fd1f2f557dd3491fe75905e578f4db967393d40d1a8f468edc4d40ac7f2d5944", size = 83921 },
    { url = "https://files.pythonhosted.org/packages/3b/4c/3d1921a60c3e8c71c540ff136e6a47a1fbccf7f671e818394889f7871d9c/wrapt-2.3.0-cp313-cp313t-macosx_11_0_arm64.whl", hash = "sha256:9f5d2aec29dfc76c37e23897dee92766a3fd4f3bff3ae7fc9c6b4bf37d8c1360", size = 84412 },
    { url = "https://files.pythonhosted.org/packages/fa/1a/4a796ff7adb26ada6d4b758c94d47a38320b085e7099afc088efbbcdb006/wrapt-2.3.0-cp313-cp313t-manylinux1_x86_64.manylinux_2_28_x86_64.manylinux_2_5_x86_64.whl", hash = "sha256:646d20d413ffcd1b0a2f700076e2d0252d872dcb7754860a73e45a59ea883614", size = 207168 },
    { url = "https://files.pythonhosted.org/packages/1d/3e/d7777776806c579b761bac2f91721dda9f04c7a1b380213c5935cc750ae6/wrapt-2.3.0-cp313-cp313t-manylinux2014_aarch64.manylinux_2_17_aarch64.manylinux_2_28_aarch64.whl", hash = "sha256:379f670f45b7bb8993edd9f6fc36c6cc65edb81cffa0b504be34acb0303fff0a", size = 214351 },
    { url = "https://files.pythonhosted.org/packages/63/27/2d64d394df7bf181955b3bb562bf33c4492fb4be113f53071106d43ad8b5/wrapt-2.3.0-cp313-cp313t-manylinux_2_31_riscv64.manylinux_2_39_riscv64.whl", hash = "sha256:6208f302f110295d64b22a7ac96500c791bf492dce4366e622e4912b077c9687", size = 199020 },
    { url = "https://files.pythonhosted.org/packages/3e/3d/fb31d3db7d9834d265fb1a27a2adf0ddf51557c67458c97b22439ad6ae3d/wrapt-2.3.0-cp313-cp313t-musllinux_1_2_aarch64.whl", hash = "sha256:ed635a9ca4f3a5a2b900c10c69e823373bc00ebc114b459383596d3487da3570", size = 209969 },
    { url = "https://files.pythonhosted.org/packages/1f/d1/8724b5da582e62070dc9bf4d8bf1972f317297eefd7ba1f2b5c6393ccf6c/wrapt-2.3.0-cp313-cp313t-musllinux_1_2_riscv64.whl", hash = "sha256:e3b9eaa742ae7a0aaaaad4ca4b69469d757af2d6e6663ef1dadc47adec0aeb41", size = 196324 },
    { url = "https://files.pythonhosted.org/packages/0d/5c/3d9ef411149543016ee6bcf3af707f787cebd946527452b94bf122e9b7b4/wrapt-2.3.0-cp313-cp313t-musllinux_1_2_x86_64.whl", hash = "sha256:d0f7284f88f4833705132d06d3b425a43095c2cbd07c58166aac3ab646ba12a4", size = 202610 },
    { url = "https://files.pythonhosted.org/packages/13/9b/4fc042ceb757866dd4a5fc057b3b736f2b360d3703ce9f830d83dc9226e0/wrapt-2.3.0-cp313-cp313t-win32.whl", hash = "sha256:7ebb274aba688b043429eb1500ff8a76ce0cb8ac0812ca3e301f06247b8722b3", size = 79178 },
    { url = "https://files.pythonhosted.org/packages/6b/ff/b94878f8eed809ca042685276bcea9f24e8c2ca7c9653bb80bbb920a68a5/wrapt-2.3.0-cp313-cp313t-win_amd64.whl", hash = "sha256:c4bded758ad6f03b965830944a2f0bc5b2eb3767fe5a7310134315d1a6610e98", size = 82634 },
    { url = "https://files.pythonhosted.org/packages/80/fb/663e1de5332a71685a729754312d327d4cada767c36e1c5a2db4c8de49e6/wrapt-2.3.0-cp313-cp313t-win_arm64.whl", hash = "sha256:d2cc64539da63e39ffb9c7ede849b6e8ddaaf7b3876b5cfb04efd85a5f3f4eb6", size = 81387 },
    { url = "https://files.pythonhosted.org/packages/58/10/b073beaea89bc0d3670a75ff51139430a54b6af7ba7796507730634536dd/wrapt-2.3.0-cp314-cp314-macosx_10_15_x86_64.whl", hash = "sha256:ea52a0d0f08c584943d5764be0e84efa912c8da23c23e1e285ff2f5641c18fcc", size = 81978 },
    { url = "https://files.pythonhosted.org/packages/b3/31/0916d9cebf848ed3f1a0c1888faee421747df77331e4db2bc527a9a85988/wrapt-2.3.0-cp314-cp314-macosx_11_0_arm64.whl", hash = "sha256:fd85b0aa88efdb189d6ae2f35f4526943a8f091c38599c9c31478241c819e6a1", size = 82518 },
    { url = "https://files.pythonhosted.org/packages/f5/73/31c1bf0f3384062751c2094dadb314916d70aa9b6bfd26d994b4a7b393fa/wrapt-2.3.0-cp314-cp314-manylinux1_x86_64.manylinux_2_28_x86_64.manylinux_2_5_x86_64.whl", hash = "sha256:141ed6211286a9660d8d6702de598b43f0934b4f0eda16393f100a80f501d945", size = 170187 },
    { url = "https://files.pythonhosted.org/packages/ed/25/fce087d54b79b8905f3c3c9dd5f454bbd8d8acb80b960c4a6aee5b4659b3/wrapt-2.3.0-cp314-cp314-manylinux2014_aarch64.manylinux_2_17_aarch64.manylinux_2_28_aarch64.whl", hash = "sha256:2e49885a62ec4ee854d1b9e6371fda6afd219917225752abf729a3f36d4df9a5", size = 169288 },
    { url = "https://files.pythonhosted.org/packages/c7/30/0d09e6dddc6b7a7230ac77f50254b5980ab4fcd22976f72f8cc8a0404458/wrapt-2.3.0-cp314-cp314-manylinux_2_31_riscv64.manylinux_2_39_riscv64.whl", hash = "sha256:1d6159c9b2fefec02314e1332dbbbfaf960e369dfd26bcf7f8b258b5732065b3", size = 160932 },
    { url = "https://files.pythonhosted.org/packages/2c/ca/0913af0d2ec0c43865d32d615f518fea66c13c5c930e489e9b0de248e9a8/wrapt-2.3.0-cp314-cp314-musllinux_1_2_aarch64.whl", hash = "sha256:24da48596326ef8e448cfa837b454f638713d3531262375f00e5a9681682fc07", size = 169017 },
    { url = "https://files.pythonhosted.org/packages/c3/f2/3d1e47ea81b822210f5df1bf942fd90780a75c055243d569b664529dea88/wrapt-2.3.0-cp314-cp314-musllinux_1_2_riscv64.whl", hash = "sha256:cd3a2edf0427013736b8127955cec62608c56e53ea47e82812ea32059cda407f", size = 159065 },
    { url = "https://files.pythonhosted.org/packages/43/a5/ef2066ced8e5fca204e2b361e9708e36555b40949c583d997ea3b590817d/wrapt-2.3.0-cp314-cp314-musllinux_1_2_x86_64.whl", hash = "sha256:4fa0df3bff4e7ce45759f33fd39335fe2f60477bb9ecf7b8aa41e7d07ee36a23", size = 168821 },
    { url = "https://files.pythonhosted.org/packages/d5/e1/016104650d4e572fa91506eb396b3dd8efbccc9284fdc1c9479c3d21db28/wrapt-2.3.0-cp314-cp314-win32.whl", hash = "sha256:2935d5454b3f179a29b12cf390ee47246740ba2c3a7545b1b46ba31a5f2a4a0b", size = 78700 },
    { url = "https://files.pythonhosted.org/packages/3d/97/6fdc20a9f2ca304748b3f0819cbf377d55260562777bf0b615431bc3c181/wrapt-2.3.0-cp314-cp314-win_amd64.whl", hash = "sha256:cc2cea812e5cb179a796b766747e7d3b21088760d8deb95676d482b8c8e6fa7d", size = 81422 },
    { url = "https://files.pythonhosted.org/packages/5e/a4/9cbd53bf05746bea2c392af39cb052427a8ec95cbd494d930733d8f44681/wrapt-2.3.0-cp314-cp314-win_arm64.whl", hash = "sha256:22cc5c0a717bd4da87018ae0bffd4c19c6fb679d3ff357216ba566ab26c76cab", size = 80639 },
    { url = "https://files.pythonhosted.org/packages/43/bb/6c5e4a0f66ea0d2b2dd267e8dd05a0014eea56840b3c8595d40b0a5d1f91/wrapt-2.3.0-cp314-cp314t-macosx_10_15_x86_64.whl", hash = "sha256:a6b5984cd65dd639546f0eb4b8eacf1c31cb2fe9fb5c27bffe240987cdb2cf84", size = 84030 },
    { url = "https://files.pythonhosted.org/packages/6a/eb/a1aedf03283bc9cbf8a1783995ddc54e3c5a86878f19002d2c428494f4c5/wrapt-2.3.0-cp314-cp314t-macosx_11_0_arm64.whl", hash = "sha256:c88abcf53daef80e01a75c7530e727fa6e2c1888fe83e3dcdba4c96216a1f5c7", size = 84419 },
    { url = "https://files.pythonhosted.org/packages/63/61/50d511c0dc5105563849e86daa3e16ac7feef699f79fb05af45ea70107d5/wrapt-2.3.0-cp314-cp314t-manylinux1_x86_64.manylinux_2_28_x86_64.manylinux_2_5_x86_64.whl", hash = "sha256:85de890ff968196e92dd1ae73a9fb8970495e7650a457b1c9ef0ac3dd550bce2", size = 207171 },
    { url = "https://files.pythonhosted.org/packages/3f/59/9b538cf7795217e810699d16bc88b96a830d9b5c403eb2ec2db6b5f2ae81/wrapt-2.3.0-cp314-cp314t-manylinux2014_aarch64.manylinux_2_17_aarch64.manylinux_2_28_aarch64.whl", hash = "sha256:50f416b74d092bb9f41b424e90dd457f365f7ba4b11de62a23679769a21bd85c", size = 214329 },
    { url = "https://files.pythonhosted.org/packages/b3/28/9935d62b1499e5c8b3d191e99ba4eb31ca237a0b699142011a837e9dc7ea/wrapt-2.3.0-cp314-cp314t-manylinux_2_31_riscv64.manylinux_2_39_riscv64.whl", hash = "sha256:39febbee6d77301d31da6996b152ce52452da7c7ef72aba10c2fa976dff9c295", size = 199079 },
    { url = "https://files.pythonhosted.org/packages/2b/01/4446b80fa2ffa47a3449b250d004ba1c1937f07f64a179608fec735df866/wrapt-2.3.0-cp314-cp314t-musllinux_1_2_aarch64.whl", hash = "sha256:93513bec052c6cd987f9f580c3df068c8bc4ebae6543736be3ca7ec5959cafcd", size = 209992 },
    { url = "https://files.pythonhosted.org/packages/d4/07/56f26c9f9979586a021e8148747004aba4498f49458c90b0502969b904e1/wrapt-2.3.0-cp314-cp314t-musllinux_1_2_riscv64.whl", hash = "sha256:729126e667da34d251b8ebf8a45ef0c5ddadc21542b3d6e1abf4259ece6508df", size = 196334 },
    { url = "https://files.pythonhosted.org/packages/8b/41/6d7bcc895b0f28b2250e10908f060687b9165429dcd7f22ddb3d4c031b74/wrapt-2.3.0-cp314-cp314t-musllinux_1_2_x86_64.whl", hash = "sha256:626b69db2021aa01671ec7bbc9740e558522bd44c18cf2ce69bf3d666a014109", size = 202644 },
    { url = "https://files.pythonhosted.org/packages/cd/25/7860927edba06b758b8852a6f02e832be715563c67a6795d94350bc81099/wrapt-2.3.0-cp314-cp314t-win32.whl", hash = "sha256:629d73378082c00a8173031f9fb30a3ac6abbc894a5bfdfae71fabc60642d501", size = 79685 },
    { url = "https://files.pythonhosted.org/packages/c4/0f/270bafe92fde3b069a39bc01e39ee79340895b335640df861d43d2a51885/wrapt-2.3.0-cp314-cp314t-win_amd64.whl", hash = "sha256:42869085687f0aefd57c0f636c3f9354f8ffb321a8ba9cb52d19beb796e561c5", size = 83104 },
    { url = "https://files.pythonhosted.org/packages/55/b3/af176d79a8515a8a720eccdad9a96f6e31a30abf2865430c8c42adf2fd13/wrapt-2.3.0-cp314-cp314t-win_arm64.whl", hash = "sha256:b1e5aa486e269b00ed35e64771c7d0ab8096cfd2643405ca8cd60ebedc099a51", size = 81774 },
    { url = "https://files.pythonhosted.org/packages/00/39/3daf9f47be208606586de4568ba6713db53ebc8fd7a575aea1fe57983b69/wrapt-2.3.0-py3-none-any.whl", hash = "sha256:d8c7ed08477429752b8c44991f40ad7838b18332a160698740a6bfbc10d998a2", size = 61866 },
]
